
Microsoft Visual Studio Solution File, Format Version 12.00
# Visual Studio 15
Project("{FAE04EC0-301F-11D3-BF4B-00C04F79EFBC}") = "Assembly-CSharp", "Assembly-CSharp.csproj", "{494CFDD0-488A-0CAE-B75C-2F2A3B3A906C}"
EndProject
Project("{FAE04EC0-301F-11D3-BF4B-00C04F79EFBC}") = "Assembly-CSharp-Editor", "Assembly-CSharp-Editor.csproj", "{6CE43441-D341-DF52-1566-482E3020FB0E}"
EndProject
Global
	GlobalSection(SolutionConfigurationPlatforms) = preSolution
		Debug|Any CPU = Debug|Any CPU
		Release|Any CPU = Release|Any CPU
	EndGlobalSection
	GlobalSection(ProjectConfigurationPlatforms) = postSolution
		{494CFDD0-488A-0CAE-B75C-2F2A3B3A906C}.Debug|Any CPU.ActiveCfg = Debug|Any CPU
		{494CFDD0-488A-0CAE-B75C-2F2A3B3A906C}.Debug|Any CPU.Build.0 = Debug|Any CPU
		{494CFDD0-488A-0CAE-B75C-2F2A3B3A906C}.Release|Any CPU.ActiveCfg = Release|Any CPU
		{494CFDD0-488A-0CAE-B75C-2F2A3B3A906C}.Release|Any CPU.Build.0 = Release|Any CPU
		{6CE43441-D341-DF52-1566-482E3020FB0E}.Debug|Any CPU.ActiveCfg = Debug|Any CPU
		{6CE43441-D341-DF52-1566-482E3020FB0E}.Debug|Any CPU.Build.0 = Debug|Any CPU
		{6CE43441-D341-DF52-1566-482E3020FB0E}.Release|Any CPU.ActiveCfg = Release|Any CPU
		{6CE43441-D341-DF52-1566-482E3020FB0E}.Release|Any CPU.Build.0 = Release|Any CPU
	EndGlobalSection
	GlobalSection(SolutionProperties) = preSolution
		HideSolutionNode = FALSE
	EndGlobalSection
EndGlobal
